
Microsoft Visual Studio Solution File, Format Version 12.00
# Visual Studio 15
VisualStudioVersion = 15.0.25618.0
MinimumVisualStudioVersion = 10.0.40219.1
Project("{FAE04EC0-301F-11D3-BF4B-00C04F79EFBC}") = "Piston", "Piston\Piston.csproj", "{7E01635C-3B67-472E-BCD6-C5539564F214}"
EndProject
Project("{FAE04EC0-301F-11D3-BF4B-00C04F79EFBC}") = "Piston.API", "PistonAPI\Piston.API.csproj", "{FBA5D932-6254-4A1E-BAF4-E229FA94E3C2}"
EndProject
Project("{FAE04EC0-301F-11D3-BF4B-00C04F79EFBC}") = "Piston.Client", "PistonClient\Piston.Client.csproj", "{E36DF745-260B-4956-A2E8-09F08B2E7161}"
EndProject
Project("{FAE04EC0-301F-11D3-BF4B-00C04F79EFBC}") = "Piston.Server", "PistonServer\Piston.Server.csproj", "{CA50886B-7B22-4CD8-93A0-C06F38D4F77D}"
EndProject
Project("{FAE04EC0-301F-11D3-BF4B-00C04F79EFBC}") = "TestPlugin", "TestPlugin\TestPlugin.csproj", "{BF0D9941-B488-4880-B378-A9BF942D140D}"
EndProject
Project("{FAE04EC0-301F-11D3-BF4B-00C04F79EFBC}") = "Piston.Launcher", "Piston.Launcher\Piston.Launcher.csproj", "{19292801-5B9C-4EE0-961F-0FA37B3A6C3D}"
EndProject
Global
	GlobalSection(SolutionConfigurationPlatforms) = preSolution
		Debug|Any CPU = Debug|Any CPU
		Debug|x64 = Debug|x64
		Release|Any CPU = Release|Any CPU
		Release|x64 = Release|x64
	EndGlobalSection
	GlobalSection(ProjectConfigurationPlatforms) = postSolution
		{7E01635C-3B67-472E-BCD6-C5539564F214}.Debug|Any CPU.ActiveCfg = Debug|Any CPU
		{7E01635C-3B67-472E-BCD6-C5539564F214}.Debug|Any CPU.Build.0 = Debug|Any CPU
		{7E01635C-3B67-472E-BCD6-C5539564F214}.Debug|x64.ActiveCfg = Debug|x64
		{7E01635C-3B67-472E-BCD6-C5539564F214}.Debug|x64.Build.0 = Debug|x64
		{7E01635C-3B67-472E-BCD6-C5539564F214}.Release|Any CPU.ActiveCfg = Release|Any CPU
		{7E01635C-3B67-472E-BCD6-C5539564F214}.Release|Any CPU.Build.0 = Release|Any CPU
		{7E01635C-3B67-472E-BCD6-C5539564F214}.Release|x64.ActiveCfg = Release|x64
		{7E01635C-3B67-472E-BCD6-C5539564F214}.Release|x64.Build.0 = Release|x64
		{FBA5D932-6254-4A1E-BAF4-E229FA94E3C2}.Debug|Any CPU.ActiveCfg = Debug|Any CPU
		{FBA5D932-6254-4A1E-BAF4-E229FA94E3C2}.Debug|Any CPU.Build.0 = Debug|Any CPU
		{FBA5D932-6254-4A1E-BAF4-E229FA94E3C2}.Debug|x64.ActiveCfg = Debug|x64
		{FBA5D932-6254-4A1E-BAF4-E229FA94E3C2}.Debug|x64.Build.0 = Debug|x64
		{FBA5D932-6254-4A1E-BAF4-E229FA94E3C2}.Release|Any CPU.ActiveCfg = Release|Any CPU
		{FBA5D932-6254-4A1E-BAF4-E229FA94E3C2}.Release|Any CPU.Build.0 = Release|Any CPU
		{FBA5D932-6254-4A1E-BAF4-E229FA94E3C2}.Release|x64.ActiveCfg = Release|x64
		{FBA5D932-6254-4A1E-BAF4-E229FA94E3C2}.Release|x64.Build.0 = Release|x64
		{E36DF745-260B-4956-A2E8-09F08B2E7161}.Debug|Any CPU.ActiveCfg = Debug|Any CPU
		{E36DF745-260B-4956-A2E8-09F08B2E7161}.Debug|Any CPU.Build.0 = Debug|Any CPU
		{E36DF745-260B-4956-A2E8-09F08B2E7161}.Debug|x64.ActiveCfg = Debug|x64
		{E36DF745-260B-4956-A2E8-09F08B2E7161}.Debug|x64.Build.0 = Debug|x64
		{E36DF745-260B-4956-A2E8-09F08B2E7161}.Release|Any CPU.ActiveCfg = Release|Any CPU
		{E36DF745-260B-4956-A2E8-09F08B2E7161}.Release|Any CPU.Build.0 = Release|Any CPU
		{E36DF745-260B-4956-A2E8-09F08B2E7161}.Release|x64.ActiveCfg = Release|x64
		{E36DF745-260B-4956-A2E8-09F08B2E7161}.Release|x64.Build.0 = Release|x64
		{CA50886B-7B22-4CD8-93A0-C06F38D4F77D}.Debug|Any CPU.ActiveCfg = Debug|Any CPU
		{CA50886B-7B22-4CD8-93A0-C06F38D4F77D}.Debug|Any CPU.Build.0 = Debug|Any CPU
		{CA50886B-7B22-4CD8-93A0-C06F38D4F77D}.Debug|x64.ActiveCfg = Debug|x64
		{CA50886B-7B22-4CD8-93A0-C06F38D4F77D}.Debug|x64.Build.0 = Debug|x64
		{CA50886B-7B22-4CD8-93A0-C06F38D4F77D}.Release|Any CPU.ActiveCfg = Release|Any CPU
		{CA50886B-7B22-4CD8-93A0-C06F38D4F77D}.Release|Any CPU.Build.0 = Release|Any CPU
		{CA50886B-7B22-4CD8-93A0-C06F38D4F77D}.Release|x64.ActiveCfg = Release|x64
		{CA50886B-7B22-4CD8-93A0-C06F38D4F77D}.Release|x64.Build.0 = Release|x64
		{BF0D9941-B488-4880-B378-A9BF942D140D}.Debug|Any CPU.ActiveCfg = Debug|Any CPU
		{BF0D9941-B488-4880-B378-A9BF942D140D}.Debug|Any CPU.Build.0 = Debug|Any CPU
		{BF0D9941-B488-4880-B378-A9BF942D140D}.Debug|x64.ActiveCfg = Debug|x64
		{BF0D9941-B488-4880-B378-A9BF942D140D}.Debug|x64.Build.0 = Debug|x64
		{BF0D9941-B488-4880-B378-A9BF942D140D}.Release|Any CPU.ActiveCfg = Release|Any CPU
		{BF0D9941-B488-4880-B378-A9BF942D140D}.Release|Any CPU.Build.0 = Release|Any CPU
		{BF0D9941-B488-4880-B378-A9BF942D140D}.Release|x64.ActiveCfg = Release|x64
		{BF0D9941-B488-4880-B378-A9BF942D140D}.Release|x64.Build.0 = Release|x64
		{19292801-5B9C-4EE0-961F-0FA37B3A6C3D}.Debug|Any CPU.ActiveCfg = Debug|Any CPU
		{19292801-5B9C-4EE0-961F-0FA37B3A6C3D}.Debug|Any CPU.Build.0 = Debug|Any CPU
		{19292801-5B9C-4EE0-961F-0FA37B3A6C3D}.Debug|x64.ActiveCfg = Debug|x64
		{19292801-5B9C-4EE0-961F-0FA37B3A6C3D}.Debug|x64.Build.0 = Debug|x64
		{19292801-5B9C-4EE0-961F-0FA37B3A6C3D}.Release|Any CPU.ActiveCfg = Release|Any CPU
		{19292801-5B9C-4EE0-961F-0FA37B3A6C3D}.Release|Any CPU.Build.0 = Release|Any CPU
		{19292801-5B9C-4EE0-961F-0FA37B3A6C3D}.Release|x64.ActiveCfg = Release|Any CPU
		{19292801-5B9C-4EE0-961F-0FA37B3A6C3D}.Release|x64.Build.0 = Release|Any CPU
	EndGlobalSection
	GlobalSection(SolutionProperties) = preSolution
		HideSolutionNode = FALSE
	EndGlobalSection
EndGlobal
